
Microsoft Visual Studio Solution File, Format Version 12.00
# Visual Studio Version 17
VisualStudioVersion = 17.1.32328.378
MinimumVisualStudioVersion = 10.0.40219.1
Project("{FAE04EC0-301F-11D3-BF4B-00C04F79EFBC}") = "APIGateway", "APIGateway.csproj", "{13D5AA7F-89B3-487B-943A-3D2D38EB2A2D}"
EndProject
Global
	GlobalSection(SolutionConfigurationPlatforms) = preSolution
		Debug|Any CPU = Debug|Any CPU
		Release|Any CPU = Release|Any CPU
	EndGlobalSection
	GlobalSection(ProjectConfigurationPlatforms) = postSolution
		{13D5AA7F-89B3-487B-943A-3D2D38EB2A2D}.Debug|Any CPU.ActiveCfg = Debug|Any CPU
		{13D5AA7F-89B3-487B-943A-3D2D38EB2A2D}.Debug|Any CPU.Build.0 = Debug|Any CPU
		{13D5AA7F-89B3-487B-943A-3D2D38EB2A2D}.Release|Any CPU.ActiveCfg = Release|Any CPU
		{13D5AA7F-89B3-487B-943A-3D2D38EB2A2D}.Release|Any CPU.Build.0 = Release|Any CPU
	EndGlobalSection
	GlobalSection(SolutionProperties) = preSolution
		HideSolutionNode = FALSE
	EndGlobalSection
	GlobalSection(ExtensibilityGlobals) = postSolution
		SolutionGuid = {7D58D489-7AC9-4E7B-8F78-BB3A188BEAE8}
	EndGlobalSection
EndGlobal
